Microsoft Visual Studio Solution File, Format Version 12.00
# Visual Studio Version 16
VisualStudioVersion = 16.0.30517.126
MinimumVisualStudioVersion = 10.0.40219.1
Project("{9A19103F-16F7-4668-BE54-9A1E7A4F7556}") = "ChatServer", "ChatServer\ChatServer.csproj", "{3384EEA8-10C1-48ED-AC17-233B0A21263B}"
EndProject
Project("{FAE04EC0-301F-11D3-BF4B-00C04F79EFBC}") = "ChatClient", "ChatClient\ChatClient.csproj", "{DA769400-6A31-423B-8636-62D3DA052A9F}"
EndProject
Global
	GlobalSection(SolutionConfigurationPlatforms) = preSolution
		Debug|Any CPU = Debug|Any CPU
		Release|Any CPU = Release|Any CPU
	EndGlobalSection
	GlobalSection(ProjectConfigurationPlatforms) = postSolution
		{3384EEA8-10C1-48ED-AC17-233B0A21263B}.Debug|Any CPU.ActiveCfg = Debug|Any CPU
		{3384EEA8-10C1-48ED-AC17-233B0A21263B}.Debug|Any CPU.Build.0 = Debug|Any CPU
		{3384EEA8-10C1-48ED-AC17-233B0A21263B}.Release|Any CPU.ActiveCfg = Release|Any CPU
		{3384EEA8-10C1-48ED-AC17-233B0A21263B}.Release|Any CPU.Build.0 = Release|Any CPU
		{DA769400-6A31-423B-8636-62D3DA052A9F}.Debug|Any CPU.ActiveCfg = Debug|Any CPU
		{DA769400-6A31-423B-8636-62D3DA052A9F}.Debug|Any CPU.Build.0 = Debug|Any CPU
		{DA769400-6A31-423B-8636-62D3DA052A9F}.Release|Any CPU.ActiveCfg = Release|Any CPU
		{DA769400-6A31-423B-8636-62D3DA052A9F}.Release|Any CPU.Build.0 = Release|Any CPU
	EndGlobalSection
	GlobalSection(SolutionProperties) = preSolution
		HideSolutionNode = FALSE
	EndGlobalSection
	GlobalSection(ExtensibilityGlobals) = postSolution
		SolutionGuid = {F3ACA321-50EA-45A1-A8D8-AEDAA6596190}
	EndGlobalSection
EndGlobal
